// !$*UTF8*$!
{
	archiveVersion = 1;
	classes = {
	};
	objectVersion = 46;
	objects = {

/* Begin PBXBuildFile section */
		64164F3215D80F5C00444844 /* AppWarp_iOS_SDK.framework in Frameworks */ = {isa = PBXBuildFile; fileRef = 64164F3115D80F5C00444844 /* AppWarp_iOS_SDK.framework */; };
		B487462015D274C900AD768D /* UIKit.framework in Frameworks */ = {isa = PBXBuildFile; fileRef = B487461F15D274C900AD768D /* UIKit.framework */; };
		B487462215D274C900AD768D /* Foundation.framework in Frameworks */ = {isa = PBXBuildFile; fileRef = B487462115D274C900AD768D /* Foundation.framework */; };
		B487462415D274C900AD768D /* CoreGraphics.framework in Frameworks */ = {isa = PBXBuildFile; fileRef = B487462315D274C900AD768D /* CoreGraphics.framework */; };
		B487462A15D274C900AD768D /* InfoPlist.strings in Resources */ = {isa = PBXBuildFile; fileRef = B487462815D274C900AD768D /* InfoPlist.strings */; };
		B487462C15D274C900AD768D /* main.m in Sources */ = {isa = PBXBuildFile; fileRef = B487462B15D274C900AD768D /* main.m */; };
		B487463015D274C900AD768D /* TestClassAppDelegate.m in Sources */ = {isa = PBXBuildFile; fileRef = B487462F15D274C900AD768D /* TestClassAppDelegate.m */; };
		B487463315D274C900AD768D /* TestClassViewController.m in Sources */ = {isa = PBXBuildFile; fileRef = B487463215D274C900AD768D /* TestClassViewController.m */; };
		B487464615D287C200AD768D /* NotificationListener.m in Sources */ = {isa = PBXBuildFile; fileRef = B487464115D287C200AD768D /* NotificationListener.m */; };
		B487464715D287C200AD768D /* RoomListener.m in Sources */ = {isa = PBXBuildFile; fileRef = B487464315D287C200AD768D /* RoomListener.m */; };
		B487464815D287C200AD768D /* LobbyListener.m in Sources */ = {isa = PBXBuildFile; fileRef = B487464515D287C200AD768D /* LobbyListener.m */; };
		B487464A15D287FE00AD768D /* TestClassViewController.xib in Resources */ = {isa = PBXBuildFile; fileRef = B487464915D287FE00AD768D /* TestClassViewController.xib */; };
/* End PBXBuildFile section */

/* Begin PBXFileReference section */
		64164F3115D80F5C00444844 /* AppWarp_iOS_SDK.framework */ = {isa = PBXFileReference; lastKnownFileType = wrapper.framework; path = AppWarp_iOS_SDK.framework; sourceTree = "<group>"; };
		B487461B15D274C900AD768D /* AppWarp_Sample.app */ = {isa = PBXFileReference; explicitFileType = wrapper.application; includeInIndex = 0; path = AppWarp_Sample.app; sourceTree = BUILT_PRODUCTS_DIR; };
		B487461F15D274C900AD768D /* UIKit.framework */ = {isa = PBXFileReference; lastKnownFileType = wrapper.framework; name = UIKit.framework; path = System/Library/Frameworks/UIKit.framework; sourceTree = SDKROOT; };
		B487462115D274C900AD768D /* Foundation.framework */ = {isa = PBXFileReference; lastKnownFileType = wrapper.framework; name = Foundation.framework; path = System/Library/Frameworks/Foundation.framework; sourceTree = SDKROOT; };
		B487462315D274C900AD768D /* CoreGraphics.framework */ = {isa = PBXFileReference; lastKnownFileType = wrapper.framework; name = CoreGraphics.framework; path = System/Library/Frameworks/CoreGraphics.framework; sourceTree = SDKROOT; };
		B487462715D274C900AD768D /* AppWarp_Sample-Info.plist */ = {isa = PBXFileReference; lastKnownFileType = text.plist.xml; path = "AppWarp_Sample-Info.plist"; sourceTree = "<group>"; };
		B487462915D274C900AD768D /* en */ = {isa = PBXFileReference; lastKnownFileType = text.plist.strings; name = en; path = en.lproj/InfoPlist.strings; sourceTree = "<group>"; };
		B487462B15D274C900AD768D /* main.m */ = {isa = PBXFileReference; lastKnownFileType = sourcecode.c.objc; path = main.m; sourceTree = "<group>"; };
		B487462D15D274C900AD768D /* AppWarp_Sample-Prefix.pch */ = {isa = PBXFileReference; lastKnownFileType = sourcecode.c.h; path = "AppWarp_Sample-Prefix.pch"; sourceTree = "<group>"; };
		B487462E15D274C900AD768D /* TestClassAppDelegate.h */ = {isa = PBXFileReference; lastKnownFileType = sourcecode.c.h; path = TestClassAppDelegate.h; sourceTree = "<group>"; };
		B487462F15D274C900AD768D /* TestClassAppDelegate.m */ = {isa = PBXFileReference; lastKnownFileType = sourcecode.c.objc; path = TestClassAppDelegate.m; sourceTree = "<group>"; };
		B487463115D274C900AD768D /* TestClassViewController.h */ = {isa = PBXFileReference; lastKnownFileType = sourcecode.c.h; path = TestClassViewController.h; sourceTree = "<group>"; };
		B487463215D274C900AD768D /* TestClassViewController.m */ = {isa = PBXFileReference; lastKnownFileType = sourcecode.c.objc; path = TestClassViewController.m; sourceTree = "<group>"; };
		B487464015D287C200AD768D /* NotificationListener.h */ = {isa = PBXFileReference; fileEncoding = 4; lastKnownFileType = sourcecode.c.h; path = NotificationListener.h; sourceTree = "<group>"; };
		B487464115D287C200AD768D /* NotificationListener.m */ = {isa = PBXFileReference; fileEncoding = 4; lastKnownFileType = sourcecode.c.objc; path = NotificationListener.m; sourceTree = "<group>"; };
		B487464215D287C200AD768D /* RoomListener.h */ = {isa = PBXFileReference; fileEncoding = 4; lastKnownFileType = sourcecode.c.h; path = RoomListener.h; sourceTree = "<group>"; };
		B487464315D287C200AD768D /* RoomListener.m */ = {isa = PBXFileReference; fileEncoding = 4; lastKnownFileType = sourcecode.c.objc; path = RoomListener.m; sourceTree = "<group>"; };
		B487464415D287C200AD768D /* LobbyListener.h */ = {isa = PBXFileReference; fileEncoding = 4; lastKnownFileType = sourcecode.c.h; path = LobbyListener.h; sourceTree = "<group>"; };
		B487464515D287C200AD768D /* LobbyListener.m */ = {isa = PBXFileReference; fileEncoding = 4; lastKnownFileType = sourcecode.c.objc; path = LobbyListener.m; sourceTree = "<group>"; };
		B487464915D287FE00AD768D /* TestClassViewController.xib */ = {isa = PBXFileReference; fileEncoding = 4; lastKnownFileType = file.xib; path = TestClassViewController.xib; sourceTree = "<group>"; };
/* End PBXFileReference section */

/* Begin PBXFrameworksBuildPhase section */
		B487461815D274C900AD768D /* Frameworks */ = {
			isa = PBXFrameworksBuildPhase;
			buildActionMask = 2147483647;
			files = (
				B487462015D274C900AD768D /* UIKit.framework in Frameworks */,
				B487462215D274C900AD768D /* Foundation.framework in Frameworks */,
				B487462415D274C900AD768D /* CoreGraphics.framework in Frameworks */,
				64164F3215D80F5C00444844 /* AppWarp_iOS_SDK.framework in Frameworks */,
			);
			runOnlyForDeploymentPostprocessing = 0;
		};
/* End PBXFrameworksBuildPhase section */

/* Begin PBXGroup section */
		B487461015D274C800AD768D = {
			isa = PBXGroup;
			children = (
				B487462515D274C900AD768D /* AppWarp_Sample */,
				B487461E15D274C900AD768D /* Frameworks */,
				B487461C15D274C900AD768D /* Products */,
			);
			sourceTree = "<group>";
		};
		B487461C15D274C900AD768D /* Products */ = {
			isa = PBXGroup;
			children = (
				B487461B15D274C900AD768D /* AppWarp_Sample.app */,
			);
			name = Products;
			sourceTree = "<group>";
		};
		B487461E15D274C900AD768D /* Frameworks */ = {
			isa = PBXGroup;
			children = (
				64164F3115D80F5C00444844 /* AppWarp_iOS_SDK.framework */,
				B487461F15D274C900AD768D /* UIKit.framework */,
				B487462115D274C900AD768D /* Foundation.framework */,
				B487462315D274C900AD768D /* CoreGraphics.framework */,
			);
			name = Frameworks;
			sourceTree = "<group>";
		};
		B487462515D274C900AD768D /* AppWarp_Sample */ = {
			isa = PBXGroup;
			children = (
				B487464915D287FE00AD768D /* TestClassViewController.xib */,
				B487464015D287C200AD768D /* NotificationListener.h */,
				B487464115D287C200AD768D /* NotificationListener.m */,
				B487464215D287C200AD768D /* RoomListener.h */,
				B487464315D287C200AD768D /* RoomListener.m */,
				B487464415D287C200AD768D /* LobbyListener.h */,
				B487464515D287C200AD768D /* LobbyListener.m */,
				B487462E15D274C900AD768D /* TestClassAppDelegate.h */,
				B487462F15D274C900AD768D /* TestClassAppDelegate.m */,
				B487463115D274C900AD768D /* TestClassViewController.h */,
				B487463215D274C900AD768D /* TestClassViewController.m */,
				B487462615D274C900AD768D /* Supporting Files */,
			);
			path = AppWarp_Sample;
			sourceTree = "<group>";
		};
		B487462615D274C900AD768D /* Supporting Files */ = {
			isa = PBXGroup;
			children = (
				B487462715D274C900AD768D /* AppWarp_Sample-Info.plist */,
				B487462815D274C900AD768D /* InfoPlist.strings */,
				B487462B15D274C900AD768D /* main.m */,
				B487462D15D274C900AD768D /* AppWarp_Sample-Prefix.pch */,
			);
			name = "Supporting Files";
			sourceTree = "<group>";
		};
/* End PBXGroup section */

/* Begin PBXNativeTarget section */
		B487461A15D274C900AD768D /* AppWarp_Sample */ = {
			isa = PBXNativeTarget;
			buildConfigurationList = B487463915D274C900AD768D /* Build configuration list for PBXNativeTarget "AppWarp_Sample" */;
			buildPhases = (
				B487461715D274C900AD768D /* Sources */,
				B487461815D274C900AD768D /* Frameworks */,
				B487461915D274C900AD768D /* Resources */,
			);
			buildRules = (
			);
			dependencies = (
			);
			name = AppWarp_Sample;
			productName = AppWarp_Sample;
			productReference = B487461B15D274C900AD768D /* AppWarp_Sample.app */;
			productType = "com.apple.product-type.application";
		};
/* End PBXNativeTarget section */

/* Begin PBXProject section */
		B487461215D274C800AD768D /* Project object */ = {
			isa = PBXProject;
			attributes = {
				CLASSPREFIX = TestClass;
				LastUpgradeCheck = 0430;
				ORGANIZATIONNAME = "ShephertzTechnology PVT LTD.";
			};
			buildConfigurationList = B487461515D274C800AD768D /* Build configuration list for PBXProject "AppWarp_Sample" */;
			compatibilityVersion = "Xcode 3.2";
			developmentRegion = English;
			hasScannedForEncodings = 0;
			knownRegions = (
				en,
			);
			mainGroup = B487461015D274C800AD768D;
			productRefGroup = B487461C15D274C900AD768D /* Products */;
			projectDirPath = "";
			projectRoot = "";
			targets = (
				B487461A15D274C900AD768D /* AppWarp_Sample */,
			);
		};
/* End PBXProject section */

/* Begin PBXResourcesBuildPhase section */
		B487461915D274C900AD768D /* Resources */ = {
			isa = PBXResourcesBuildPhase;
			buildActionMask = 2147483647;
			files = (
				B487462A15D274C900AD768D /* InfoPlist.strings in Resources */,
				B487464A15D287FE00AD768D /* TestClassViewController.xib in Resources */,
			);
			runOnlyForDeploymentPostprocessing = 0;
		};
/* End PBXResourcesBuildPhase section */

/* Begin PBXSourcesBuildPhase section */
		B487461715D274C900AD768D /* Sources */ = {
			isa = PBXSourcesBuildPhase;
			buildActionMask = 2147483647;
			files = (
				B487462C15D274C900AD768D /* main.m in Sources */,
				B487463015D274C900AD768D /* TestClassAppDelegate.m in Sources */,
				B487463315D274C900AD768D /* TestClassViewController.m in Sources */,
				B487464615D287C200AD768D /* NotificationListener.m in Sources */,
				B487464715D287C200AD768D /* RoomListener.m in Sources */,
				B487464815D287C200AD768D /* LobbyListener.m in Sources */,
			);
			runOnlyForDeploymentPostprocessing = 0;
		};
/* End PBXSourcesBuildPhase section */

/* Begin PBXVariantGroup section */
		B487462815D274C900AD768D /* InfoPlist.strings */ = {
			isa = PBXVariantGroup;
			children = (
				B487462915D274C900AD768D /* en */,
			);
			name = InfoPlist.strings;
			sourceTree = "<group>";
		};
/* End PBXVariantGroup section */

/* Begin XCBuildConfiguration section */
		B487463715D274C900AD768D /* Debug */ = {
			isa = XCBuildConfiguration;
			buildSettings = {
				ALWAYS_SEARCH_USER_PATHS = NO;
				ARCHS = "$(ARCHS_STANDARD_32_BIT)";
				"CODE_SIGN_IDENTITY[sdk=iphoneos*]" = "iPhone Developer";
				COPY_PHASE_STRIP = NO;
				GCC_C_LANGUAGE_STANDARD = gnu99;
				GCC_DYNAMIC_NO_PIC = NO;
				GCC_OPTIMIZATION_LEVEL = 0;
				GCC_PREPROCESSOR_DEFINITIONS = (
					"DEBUG=1",
					"$(inherited)",
				);
				GCC_SYMBOLS_PRIVATE_EXTERN = NO;
				GCC_VERSION = com.apple.compilers.llvm.clang.1_0;
				GCC_WARN_ABOUT_RETURN_TYPE = YES;
				GCC_WARN_UNINITIALIZED_AUTOS = YES;
				GCC_WARN_UNUSED_VARIABLE = YES;
				IPHONEOS_DEPLOYMENT_TARGET = 5.1;
				SDKROOT = iphoneos;
			};
			name = Debug;
		};
		B487463815D274C900AD768D /* Release */ = {
			isa = XCBuildConfiguration;
			buildSettings = {
				ALWAYS_SEARCH_USER_PATHS = NO;
				ARCHS = "$(ARCHS_STANDARD_32_BIT)";
				"CODE_SIGN_IDENTITY[sdk=iphoneos*]" = "iPhone Developer";
				COPY_PHASE_STRIP = YES;
				GCC_C_LANGUAGE_STANDARD = gnu99;
				GCC_VERSION = com.apple.compilers.llvm.clang.1_0;
				GCC_WARN_ABOUT_RETURN_TYPE = YES;
				GCC_WARN_UNINITIALIZED_AUTOS = YES;
				GCC_WARN_UNUSED_VARIABLE = YES;
				IPHONEOS_DEPLOYMENT_TARGET = 5.1;
				OTHER_CFLAGS = "-DNS_BLOCK_ASSERTIONS=1";
				SDKROOT = iphoneos;
				VALIDATE_PRODUCT = YES;
			};
			name = Release;
		};
		B487463A15D274C900AD768D /* Debug */ = {
			isa = XCBuildConfiguration;
			buildSettings = {
				FRAMEWORK_SEARCH_PATHS = (
					"$(inherited)",
					"\"$(SRCROOT)/..\"",
					"\"$(SRCROOT)\"",
				);
				GCC_PRECOMPILE_PREFIX_HEADER = YES;
				GCC_PREFIX_HEADER = "AppWarp_Sample/AppWarp_Sample-Prefix.pch";
				INFOPLIST_FILE = "AppWarp_Sample/AppWarp_Sample-Info.plist";
				PRODUCT_NAME = "$(TARGET_NAME)";
				WRAPPER_EXTENSION = app;
			};
			name = Debug;
		};
		B487463B15D274C900AD768D /* Release */ = {
			isa = XCBuildConfiguration;
			buildSettings = {
				FRAMEWORK_SEARCH_PATHS = (
					"$(inherited)",
					"\"$(SRCROOT)/..\"",
					"\"$(SRCROOT)\"",
				);
				GCC_PRECOMPILE_PREFIX_HEADER = YES;
				GCC_PREFIX_HEADER = "AppWarp_Sample/AppWarp_Sample-Prefix.pch";
				INFOPLIST_FILE = "AppWarp_Sample/AppWarp_Sample-Info.plist";
				PRODUCT_NAME = "$(TARGET_NAME)";
				WRAPPER_EXTENSION = app;
			};
			name = Release;
		};
/* End XCBuildConfiguration section */

/* Begin XCConfigurationList section */
		B487461515D274C800AD768D /* Build configuration list for PBXProject "AppWarp_Sample" */ = {
			isa = XCConfigurationList;
			buildConfigurations = (
				B487463715D274C900AD768D /* Debug */,
				B487463815D274C900AD768D /* Release */,
			);
			defaultConfigurationIsVisible = 0;
			defaultConfigurationName = Release;
		};
		B487463915D274C900AD768D /* Build configuration list for PBXNativeTarget "AppWarp_Sample" */ = {
			isa = XCConfigurationList;
			buildConfigurations = (
				B487463A15D274C900AD768D /* Debug */,
				B487463B15D274C900AD768D /* Release */,
			);
			defaultConfigurationIsVisible = 0;
			defaultConfigurationName = Release;
		};
/* End XCConfigurationList section */
	};
	rootObject = B487461215D274C800AD768D /* Project object */;
}
